
Microsoft Visual Studio Solution File, Format Version 12.00
# Visual Studio 15
VisualStudioVersion = 15.0.28307.852
MinimumVisualStudioVersion = 10.0.40219.1
Project("{9A19103F-16F7-4668-BE54-9A1E7A4F7556}") = "timeSheetApplication", "timeSheetApplication.csproj", "{6964AEFC-DE9F-40BA-A420-CC774C0CCC91}"
EndProject
Global
	GlobalSection(SolutionConfigurationPlatforms) = preSolution
		Debug|Any CPU = Debug|Any CPU
		Release|Any CPU = Release|Any CPU
	EndGlobalSection
	GlobalSection(ProjectConfigurationPlatforms) = postSolution
		{6964AEFC-DE9F-40BA-A420-CC774C0CCC91}.Debug|Any CPU.ActiveCfg = Debug|Any CPU
		{6964AEFC-DE9F-40BA-A420-CC774C0CCC91}.Debug|Any CPU.Build.0 = Debug|Any CPU
		{6964AEFC-DE9F-40BA-A420-CC774C0CCC91}.Release|Any CPU.ActiveCfg = Release|Any CPU
		{6964AEFC-DE9F-40BA-A420-CC774C0CCC91}.Release|Any CPU.Build.0 = Release|Any CPU
	EndGlobalSection
	GlobalSection(SolutionProperties) = preSolution
		HideSolutionNode = FALSE
	EndGlobalSection
	GlobalSection(ExtensibilityGlobals) = postSolution
		SolutionGuid = {A942ED08-7993-4875-8CBA-27060D994A3A}
	EndGlobalSection
EndGlobal
